
Microsoft Visual Studio Solution File, Format Version 12.00
# Visual Studio Version 16
VisualStudioVersion = 16.0.29001.49
MinimumVisualStudioVersion = 10.0.40219.1
Project("{FAE04EC0-301F-11D3-BF4B-00C04F79EFBC}") = "AutoStockTransaction", "AutoStockTransaction\AutoStockTransaction.csproj", "{E86245AA-79C2-4FDE-9CB5-D2E74082E2B2}"
EndProject
Global
	GlobalSection(SolutionConfigurationPlatforms) = preSolution
		Debug|Any CPU = Debug|Any CPU
		Debug|x64 = Debug|x64
		Debug|x86 = Debug|x86
		Lib_Debug|Any CPU = Lib_Debug|Any CPU
		Lib_Debug|x64 = Lib_Debug|x64
		Lib_Debug|x86 = Lib_Debug|x86
		Release|Any CPU = Release|Any CPU
		Release|x64 = Release|x64
		Release|x86 = Release|x86
	EndGlobalSection
	GlobalSection(ProjectConfigurationPlatforms) = postSolution
		{E86245AA-79C2-4FDE-9CB5-D2E74082E2B2}.Debug|Any CPU.ActiveCfg = Debug|Any CPU
		{E86245AA-79C2-4FDE-9CB5-D2E74082E2B2}.Debug|Any CPU.Build.0 = Debug|Any CPU
		{E86245AA-79C2-4FDE-9CB5-D2E74082E2B2}.Debug|x64.ActiveCfg = Debug|Any CPU
		{E86245AA-79C2-4FDE-9CB5-D2E74082E2B2}.Debug|x64.Build.0 = Debug|Any CPU
		{E86245AA-79C2-4FDE-9CB5-D2E74082E2B2}.Debug|x86.ActiveCfg = Debug|Any CPU
		{E86245AA-79C2-4FDE-9CB5-D2E74082E2B2}.Debug|x86.Build.0 = Debug|Any CPU
		{E86245AA-79C2-4FDE-9CB5-D2E74082E2B2}.Lib_Debug|Any CPU.ActiveCfg = Debug|Any CPU
		{E86245AA-79C2-4FDE-9CB5-D2E74082E2B2}.Lib_Debug|Any CPU.Build.0 = Debug|Any CPU
		{E86245AA-79C2-4FDE-9CB5-D2E74082E2B2}.Lib_Debug|x64.ActiveCfg = Debug|Any CPU
		{E86245AA-79C2-4FDE-9CB5-D2E74082E2B2}.Lib_Debug|x64.Build.0 = Debug|Any CPU
		{E86245AA-79C2-4FDE-9CB5-D2E74082E2B2}.Lib_Debug|x86.ActiveCfg = Debug|Any CPU
		{E86245AA-79C2-4FDE-9CB5-D2E74082E2B2}.Lib_Debug|x86.Build.0 = Debug|Any CPU
		{E86245AA-79C2-4FDE-9CB5-D2E74082E2B2}.Release|Any CPU.ActiveCfg = Release|Any CPU
		{E86245AA-79C2-4FDE-9CB5-D2E74082E2B2}.Release|Any CPU.Build.0 = Release|Any CPU
		{E86245AA-79C2-4FDE-9CB5-D2E74082E2B2}.Release|x64.ActiveCfg = Release|Any CPU
		{E86245AA-79C2-4FDE-9CB5-D2E74082E2B2}.Release|x64.Build.0 = Release|Any CPU
		{E86245AA-79C2-4FDE-9CB5-D2E74082E2B2}.Release|x86.ActiveCfg = Release|Any CPU
		{E86245AA-79C2-4FDE-9CB5-D2E74082E2B2}.Release|x86.Build.0 = Release|Any CPU
	EndGlobalSection
	GlobalSection(SolutionProperties) = preSolution
		HideSolutionNode = FALSE
	EndGlobalSection
	GlobalSection(ExtensibilityGlobals) = postSolution
		SolutionGuid = {4E05881A-10C2-4099-989F-E7FC177FD105}
	EndGlobalSection
	GlobalSection(Performance) = preSolution
		HasPerformanceSessions = true
	EndGlobalSection
	GlobalSection(Performance) = preSolution
		HasPerformanceSessions = true
	EndGlobalSection
	GlobalSection(Performance) = preSolution
		HasPerformanceSessions = true
	EndGlobalSection
	GlobalSection(Performance) = preSolution
		HasPerformanceSessions = true
	EndGlobalSection
EndGlobal
